
Microsoft Visual Studio Solution File, Format Version 12.00
# Visual Studio Version 17
VisualStudioVersion = 17.9.34723.18
MinimumVisualStudioVersion = 10.0.40219.1
Project("{FAE04EC0-301F-11D3-BF4B-00C04F79EFBC}") = "SchlAPIApp", "SchlAPIApp\SchlAPIApp.csproj", "{254DA8DB-5D3A-48AD-A77F-AE3528D82172}"
EndProject
Global
	GlobalSection(SolutionConfigurationPlatforms) = preSolution
		Debug|Any CPU = Debug|Any CPU
		Release|Any CPU = Release|Any CPU
	EndGlobalSection
	GlobalSection(ProjectConfigurationPlatforms) = postSolution
		{254DA8DB-5D3A-48AD-A77F-AE3528D82172}.Debug|Any CPU.ActiveCfg = Debug|Any CPU
		{254DA8DB-5D3A-48AD-A77F-AE3528D82172}.Debug|Any CPU.Build.0 = Debug|Any CPU
		{254DA8DB-5D3A-48AD-A77F-AE3528D82172}.Release|Any CPU.ActiveCfg = Release|Any CPU
		{254DA8DB-5D3A-48AD-A77F-AE3528D82172}.Release|Any CPU.Build.0 = Release|Any CPU
	EndGlobalSection
	GlobalSection(SolutionProperties) = preSolution
		HideSolutionNode = FALSE
	EndGlobalSection
	GlobalSection(ExtensibilityGlobals) = postSolution
		SolutionGuid = {8B81AA77-F133-4742-B75B-9CE4B0282838}
	EndGlobalSection
EndGlobal
